
Microsoft Visual Studio Solution File, Format Version 12.00
# Visual Studio Version 17
VisualStudioVersion = 17.2.32616.157
MinimumVisualStudioVersion = 10.0.40219.1
Project("{FAE04EC0-301F-11D3-BF4B-00C04F79EFBC}") = "Collections_Csharp", "Collections_Csharp\Collections_Csharp.csproj", "{9BDBD1FD-D4A0-4B60-BB5F-ADC812E0D425}"
EndProject
Global
	GlobalSection(SolutionConfigurationPlatforms) = preSolution
		Debug|Any CPU = Debug|Any CPU
		Release|Any CPU = Release|Any CPU
	EndGlobalSection
	GlobalSection(ProjectConfigurationPlatforms) = postSolution
		{9BDBD1FD-D4A0-4B60-BB5F-ADC812E0D425}.Debug|Any CPU.ActiveCfg = Debug|Any CPU
		{9BDBD1FD-D4A0-4B60-BB5F-ADC812E0D425}.Debug|Any CPU.Build.0 = Debug|Any CPU
		{9BDBD1FD-D4A0-4B60-BB5F-ADC812E0D425}.Release|Any CPU.ActiveCfg = Release|Any CPU
		{9BDBD1FD-D4A0-4B60-BB5F-ADC812E0D425}.Release|Any CPU.Build.0 = Release|Any CPU
	EndGlobalSection
	GlobalSection(SolutionProperties) = preSolution
		HideSolutionNode = FALSE
	EndGlobalSection
	GlobalSection(ExtensibilityGlobals) = postSolution
		SolutionGuid = {56B0BC04-EFAD-4A62-9608-DE14D79F8401}
	EndGlobalSection
EndGlobal
